# THIS IS AN AUTOGENERATED FILE. DO NOT EDIT THIS FILE DIRECTLY.
# yarn lockfile v1


"@bytecodealliance/preview2-shim@0.17.2":
  version "0.17.2"
  resolved "https://registry.yarnpkg.com/@bytecodealliance/preview2-shim/-/preview2-shim-0.17.2.tgz#8d0c732cba29169a85aa3e603c767e039378f89b"
  integrity sha512-mNm/lblgES8UkVle8rGImXOz4TtL3eU3inHay/7TVchkKrb/lgcVvTK0+VAw8p5zQ0rgQsXm1j5dOlAAd+MeoA==

"@nomicfoundation/slang@1.1.0":
  version "1.1.0"
  resolved "https://registry.yarnpkg.com/@nomicfoundation/slang/-/slang-1.1.0.tgz#a83536e3486fe6963080d4d21240d0f218dc942e"
  integrity sha512-g2BofMUq1qCP22L/ksOftScrCxjdHTxgg8ch5PYon2zfSSKGCMwE4TgIC64CuorMcSsvCmqNNFEWR/fwFcMeTw==
  dependencies:
    "@bytecodealliance/preview2-shim" "0.17.2"

"@solidity-parser/parser@^0.20.1":
  version "0.20.1"
  resolved "https://registry.yarnpkg.com/@solidity-parser/parser/-/parser-0.20.1.tgz#88efee3e0946a4856ed10355017692db9c259ff4"
  integrity sha512-58I2sRpzaQUN+jJmWbHfbWf9AKfzqCI8JAdFB0vbyY+u8tBRcuTt9LxzasvR0LGQpcRv97eyV7l61FQ3Ib7zVw==

prettier-plugin-solidity@2.0.0:
  version "2.0.0"
  resolved "https://registry.yarnpkg.com/prettier-plugin-solidity/-/prettier-plugin-solidity-2.0.0.tgz#69b318d7f67a1ad8ca227bec5e4a4310685e95c0"
  integrity sha512-tis3SwLSrYKDzzRFle48fjPM4GQKBtkVBUajAkt4b75/cc6zojFP7qjz6fDxKfup+34q0jKeSM3QeP9flJFXWw==
  dependencies:
    "@nomicfoundation/slang" "1.1.0"
    "@solidity-parser/parser" "^0.20.1"
    semver "^7.7.1"

prettier@3.5.3:
  version "3.5.3"
  resolved "https://registry.yarnpkg.com/prettier/-/prettier-3.5.3.tgz#4fc2ce0d657e7a02e602549f053b239cb7dfe1b5"
  integrity sha512-QQtaxnoDJeAkDvDKWCLiwIXkTgRhwYDEQCghU9Z6q03iyek/rxRh/2lC3HB7P8sWT2xC/y5JDctPLBIGzHKbhw==

semver@^7.7.1:
  version "7.7.2"
  resolved "https://registry.yarnpkg.com/semver/-/semver-7.7.2.tgz#67d99fdcd35cec21e6f8b87a7fd515a33f982b58"
  integrity sha512-RF0Fw+rO5AMf9MAyaRXI4AV0Ulj5lMHqVxxdSgiVbixSCXoEmmX/jk0CuJw4+3SqroYO9VoUh+HcuJivvtJemA==
